
Microsoft Visual Studio Solution File, Format Version 12.00
# Visual Studio Version 17
VisualStudioVersion = 17.5.002.0
MinimumVisualStudioVersion = 10.0.40219.1
Project("{9A19103F-16F7-4668-BE54-9A1E7A4F7556}") = "BlazorAppProj", "BlazorAppProj.csproj", "{7939D7B7-63CF-4313-9CEA-9B7FBAD1AF2B}"
EndProject
Global
	GlobalSection(SolutionConfigurationPlatforms) = preSolution
		Debug|Any CPU = Debug|Any CPU
		Release|Any CPU = Release|Any CPU
	EndGlobalSection
	GlobalSection(ProjectConfigurationPlatforms) = postSolution
		{7939D7B7-63CF-4313-9CEA-9B7FBAD1AF2B}.Debug|Any CPU.ActiveCfg = Debug|Any CPU
		{7939D7B7-63CF-4313-9CEA-9B7FBAD1AF2B}.Debug|Any CPU.Build.0 = Debug|Any CPU
		{7939D7B7-63CF-4313-9CEA-9B7FBAD1AF2B}.Release|Any CPU.ActiveCfg = Release|Any CPU
		{7939D7B7-63CF-4313-9CEA-9B7FBAD1AF2B}.Release|Any CPU.Build.0 = Release|Any CPU
	EndGlobalSection
	GlobalSection(SolutionProperties) = preSolution
		HideSolutionNode = FALSE
	EndGlobalSection
	GlobalSection(ExtensibilityGlobals) = postSolution
		SolutionGuid = {19A2ABFE-AE29-4C75-8F0F-0B6FC43109A6}
	EndGlobalSection
EndGlobal
